{
  "version": 4,
  "terraform_version": "1.5.7",
  "serial": 8,
  "lineage": "791f82e0-748e-284e-fbff-b64d1a7c4d83",
  "outputs": {
    "password": {
      "value": "Ti8#kTWh",
      "type": "string",
      "sensitive": true
    }
  },
  "resources": [
    {
      "mode": "managed",
      "type": "azurerm_mysql_flexible_server",
      "name": "mysqlfs",
      "provider": "provider[\"registry.terraform.io/hashicorp/azurerm\"]",
      "instances": [
        {
          "schema_version": 0,
          "attributes": {
            "administrator_login": "mysqldba",
            "administrator_password": "Ti8#kTWh",
            "backup_retention_days": 7,
            "create_mode": null,
            "customer_managed_key": [],
            "delegated_subnet_id": "",
            "fqdn": "weather-fs1.mysql.database.azure.com",
            "geo_redundant_backup_enabled": false,
            "high_availability": [],
            "id": "/subscriptions/e41def99-cc0e-4e78-8df6-77b6d1ac63c8/resourceGroups/weather_group/providers/Microsoft.DBforMySQL/flexibleServers/weather-fs1",
            "identity": [],
            "location": "eastus",
            "maintenance_window": [],
            "name": "weather-fs1",
            "point_in_time_restore_time_in_utc": null,
            "private_dns_zone_id": "",
            "public_network_access_enabled": true,
            "replica_capacity": 10,
            "replication_role": "None",
            "resource_group_name": "weather_group",
            "sku_name": "GP_Standard_D2ds_v4",
            "source_server_id": null,
            "storage": [
              {
                "auto_grow_enabled": true,
                "io_scaling_enabled": false,
                "iops": 360,
                "size_gb": 20
              }
            ],
            "tags": {
              "environment": "development"
            },
            "timeouts": null,
            "version": "8.0.21",
            "zone": "2"
          },
          "sensitive_attributes": [
            [
              {
                "type": "get_attr",
                "value": "administrator_password"
              }
            ]
          ],
          "private": "eyJlMmJmYjczMC1lY2FhLTExZTYtOGY4OC0zNDM2M2JjN2M0YzAiOnsiY3JlYXRlIjozNjAwMDAwMDAwMDAwLCJkZWxldGUiOjM2MDAwMDAwMDAwMDAsInJlYWQiOjMwMDAwMDAwMDAwMCwidXBkYXRlIjozNjAwMDAwMDAwMDAwfX0=",
          "dependencies": [
            "random_password.mysqldba_pwd"
          ]
        }
      ]
    },
    {
      "mode": "managed",
      "type": "random_password",
      "name": "mysqldba_pwd",
      "provider": "provider[\"registry.terraform.io/hashicorp/random\"]",
      "instances": [
        {
          "schema_version": 3,
          "attributes": {
            "bcrypt_hash": "$2a$10$YOcgQQT0/2c6UII0m38Q6uBrHnEj6yoUH6/o8XAQ.xvQzBqDPnYDa",
            "id": "none",
            "keepers": null,
            "length": 8,
            "lower": true,
            "min_lower": 1,
            "min_numeric": 1,
            "min_special": 1,
            "min_upper": 1,
            "number": true,
            "numeric": true,
            "override_special": null,
            "result": "Ti8#kTWh",
            "special": true,
            "upper": true
          },
          "sensitive_attributes": []
        }
      ]
    }
  ],
  "check_results": null
}
